PODS:
  - DZNEmptyDataSet (1.8.1)
  - MGSwipeTableCell (1.6.11)
  - MJRefresh (3.7.6)

DEPENDENCIES:
  - DZNEmptyDataSet
  - MGSwipeTableCell
  - MJRefresh

SPEC REPOS:
  trunk:
    - DZNEmptyDataSet
    - MGSwipeTableCell
    - MJRefresh

SPEC CHECKSUMS:
  DZNEmptyDataSet: 9525833b9e68ac21c30253e1d3d7076cc828eaa7
  MGSwipeTableCell: b804e4e450dee439c42250be90bd50458bf67fce
  MJRefresh: 2fe7fb43a5167ceda20bb7e63f130c04fd1814a5

PODFILE CHECKSUM: 92891d4da48768b897a150ebc33c3d1326054430

COCOAPODS: 1.13.0
